
Microsoft Visual Studio Solution File, Format Version 12.00
# Visual Studio Version 16
VisualStudioVersion = 16.0.29905.134
MinimumVisualStudioVersion = 10.0.40219.1
Project("{2150E333-8FDC-42A3-9474-1A3956D46DE8}") = "src", "src", "{49506634-1E99-4464-A50C-8B07BFC19775}"
EndProject
Project("{2150E333-8FDC-42A3-9474-1A3956D46DE8}") = "test", "test", "{F4920E47-D7F9-4862-986B-2A271EE79267}"
EndProject
Project("{9A19103F-16F7-4668-BE54-9A1E7A4F7556}") = "EFMigration.Data", "src\EFMigration.Data\EFMigration.Data.csproj", "{E34420AD-CBA2-4ADA-B3CC-DCBF59AFDDA4}"
EndProject
Project("{9A19103F-16F7-4668-BE54-9A1E7A4F7556}") = "EFMigration.Auto", "src\EFMigration.Auto\EFMigration.Auto.csproj", "{A65E84BC-9AA6-4DBB-8182-F42E5809DADD}"
EndProject
Project("{9A19103F-16F7-4668-BE54-9A1E7A4F7556}") = "EFMigration.Manually", "src\EFMigration.Manually\EFMigration.Manually.csproj", "{DF25FAD3-C573-420A-9F67-9AD67943A399}"
EndProject
Global
	GlobalSection(SolutionConfigurationPlatforms) = preSolution
		Debug|Any CPU = Debug|Any CPU
		Release|Any CPU = Release|Any CPU
	EndGlobalSection
	GlobalSection(ProjectConfigurationPlatforms) = postSolution
		{E34420AD-CBA2-4ADA-B3CC-DCBF59AFDDA4}.Debug|Any CPU.ActiveCfg = Debug|Any CPU
		{E34420AD-CBA2-4ADA-B3CC-DCBF59AFDDA4}.Debug|Any CPU.Build.0 = Debug|Any CPU
		{E34420AD-CBA2-4ADA-B3CC-DCBF59AFDDA4}.Release|Any CPU.ActiveCfg = Release|Any CPU
		{E34420AD-CBA2-4ADA-B3CC-DCBF59AFDDA4}.Release|Any CPU.Build.0 = Release|Any CPU
		{A65E84BC-9AA6-4DBB-8182-F42E5809DADD}.Debug|Any CPU.ActiveCfg = Debug|Any CPU
		{A65E84BC-9AA6-4DBB-8182-F42E5809DADD}.Debug|Any CPU.Build.0 = Debug|Any CPU
		{A65E84BC-9AA6-4DBB-8182-F42E5809DADD}.Release|Any CPU.ActiveCfg = Release|Any CPU
		{A65E84BC-9AA6-4DBB-8182-F42E5809DADD}.Release|Any CPU.Build.0 = Release|Any CPU
		{DF25FAD3-C573-420A-9F67-9AD67943A399}.Debug|Any CPU.ActiveCfg = Debug|Any CPU
		{DF25FAD3-C573-420A-9F67-9AD67943A399}.Debug|Any CPU.Build.0 = Debug|Any CPU
		{DF25FAD3-C573-420A-9F67-9AD67943A399}.Release|Any CPU.ActiveCfg = Release|Any CPU
		{DF25FAD3-C573-420A-9F67-9AD67943A399}.Release|Any CPU.Build.0 = Release|Any CPU
	EndGlobalSection
	GlobalSection(SolutionProperties) = preSolution
		HideSolutionNode = FALSE
	EndGlobalSection
	GlobalSection(NestedProjects) = preSolution
		{E34420AD-CBA2-4ADA-B3CC-DCBF59AFDDA4} = {49506634-1E99-4464-A50C-8B07BFC19775}
		{A65E84BC-9AA6-4DBB-8182-F42E5809DADD} = {49506634-1E99-4464-A50C-8B07BFC19775}
		{DF25FAD3-C573-420A-9F67-9AD67943A399} = {49506634-1E99-4464-A50C-8B07BFC19775}
	EndGlobalSection
	GlobalSection(ExtensibilityGlobals) = postSolution
		SolutionGuid = {1CADAE1F-C032-4151-9DDB-F5F96EF7C754}
	EndGlobalSection
EndGlobal
